<?xml version="1.0" encoding="utf-8"?>
<Project ToolsVersion="4.0" xmlns="http://schemas.microsoft.com/developer/msbuild/2003">
  <ItemGroup>
    <ClCompile Include="core\engine.cpp">
      <Filter>core</Filter>
    </ClCompile>
    <ClCompile Include="rendering\graphics_backend.cpp">
      <Filter>rendering</Filter>
    </ClCompile>
    <ClCompile Include="rendering\renderer.cpp">
      <Filter>rendering</Filter>
    </ClCompile>
    <ClCompile Include="io\asset_loader.cpp">
      <Filter>io</Filter>
    </ClCompile>
    <ClCompile Include="core\main.cpp">
      <Filter>core</Filter>
    </ClCompile>
    <ClCompile Include="rendering\batch_resource.h">
      <Filter>rendering</Filter>
    </ClCompile>
    <ClCompile Include="input\input_manager.cpp">
      <Filter>input</Filter>
    </ClCompile>
    <ClCompile Include="rendering\resource_factory.cpp">
      <Filter>rendering</Filter>
    </ClCompile>
    <ClCompile Include="utility\utility.cpp">
      <Filter>utility</Filter>
    </ClCompile>
    <ClCompile Include="config\config_manager.cpp">
      <Filter>config</Filter>
    </ClCompile>
    <ClCompile Include="rendering\shader_manager.cpp">
      <Filter>rendering</Filter>
    </ClCompile>
    <ClCompile Include="rendering\render_pass.cpp">
      <Filter>rendering</Filter>
    </ClCompile>
    <ClCompile Include="rendering\pipeline.cpp">
      <Filter>rendering</Filter>
    </ClCompile>
    <ClCompile Include="rendering\static_mesh_pipeline.cpp">
      <Filter>rendering</Filter>
    </ClCompile>
    <ClCompile Include="rendering\swapchain.cpp">
      <Filter>rendering</Filter>
    </ClCompile>
    <ClCompile Include="rendering\framebuffer.cpp">
      <Filter>rendering</Filter>
    </ClCompile>
    <ClCompile Include="core\scene.cpp">
      <Filter>core</Filter>
    </ClCompile>
    <ClCompile Include="core\camera.cpp">
      <Filter>core</Filter>
    </ClCompile>
    <ClCompile Include="core\entity.cpp">
      <Filter>core</Filter>
    </ClCompile>
    <ClCompile Include="component\component.cpp">
      <Filter>component</Filter>
    </ClCompile>
  </ItemGroup>
  <ItemGroup>
    <Filter Include="core">
      <UniqueIdentifier>{83cff25d-64f9-4946-bb0d-2c81ef85ba2d}</UniqueIdentifier>
    </Filter>
    <Filter Include="rendering">
      <UniqueIdentifier>{175ead01-7144-4b95-84a6-c367a94e8c72}</UniqueIdentifier>
    </Filter>
    <Filter Include="component">
      <UniqueIdentifier>{3ed5ebc4-9181-4013-b04e-f56a83d0ef60}</UniqueIdentifier>
    </Filter>
    <Filter Include="io">
      <UniqueIdentifier>{17fcbc64-f73e-4bf1-8bed-ce950e1c6671}</UniqueIdentifier>
    </Filter>
    <Filter Include="input">
      <UniqueIdentifier>{4f798e6d-1bf4-495e-a7f5-eb212ee2ff8a}</UniqueIdentifier>
    </Filter>
    <Filter Include="utility">
      <UniqueIdentifier>{3d3e3060-a9e6-4219-9122-1238b0c0f0d5}</UniqueIdentifier>
    </Filter>
    <Filter Include="config">
      <UniqueIdentifier>{f41b80e0-83ce-44d2-93d4-97cde5b50777}</UniqueIdentifier>
    </Filter>
    <Filter Include="resource">
      <UniqueIdentifier>{caa13018-4e79-4d0a-b3ec-8e629e8c77a8}</UniqueIdentifier>
    </Filter>
  </ItemGroup>
  <ItemGroup>
    <ClInclude Include="core\engine.h">
      <Filter>core</Filter>
    </ClInclude>
    <ClInclude Include="rendering\graphics_backend.h">
      <Filter>rendering</Filter>
    </ClInclude>
    <ClInclude Include="rendering\renderer.h">
      <Filter>rendering</Filter>
    </ClInclude>
    <ClInclude Include="io\asset_loader.h">
      <Filter>io</Filter>
    </ClInclude>
    <ClInclude Include="component\material.h">
      <Filter>component</Filter>
    </ClInclude>
    <ClInclude Include="input\input_manager.h">
      <Filter>input</Filter>
    </ClInclude>
    <ClInclude Include="rendering\resource_factory.h">
      <Filter>rendering</Filter>
    </ClInclude>
    <ClInclude Include="utility\utility.h">
      <Filter>utility</Filter>
    </ClInclude>
    <ClInclude Include="config\config_manager.h">
      <Filter>config</Filter>
    </ClInclude>
    <ClInclude Include="rendering\shader_manager.h">
      <Filter>rendering</Filter>
    </ClInclude>
    <ClInclude Include="resource\resource.h">
      <Filter>resource</Filter>
    </ClInclude>
    <ClInclude Include="component\mesh.h">
      <Filter>component</Filter>
    </ClInclude>
    <ClInclude Include="rendering\render_pass.h">
      <Filter>rendering</Filter>
    </ClInclude>
    <ClInclude Include="rendering\pipeline.h">
      <Filter>rendering</Filter>
    </ClInclude>
    <ClInclude Include="rendering\static_mesh_pipeline.h">
      <Filter>rendering</Filter>
    </ClInclude>
    <ClInclude Include="rendering\swapchain.h">
      <Filter>rendering</Filter>
    </ClInclude>
    <ClInclude Include="rendering\framebuffer.h">
      <Filter>rendering</Filter>
    </ClInclude>
    <ClInclude Include="core\scene.h">
      <Filter>core</Filter>
    </ClInclude>
    <ClInclude Include="core\camera.h">
      <Filter>core</Filter>
    </ClInclude>
    <ClInclude Include="core\engine_type.h">
      <Filter>core</Filter>
    </ClInclude>
    <ClInclude Include="core\entity.h">
      <Filter>core</Filter>
    </ClInclude>
    <ClInclude Include="component\component.h">
      <Filter>component</Filter>
    </ClInclude>
  </ItemGroup>
  <ItemGroup>
    <Image Include="resource\bamboo.ico">
      <Filter>resource</Filter>
    </Image>
  </ItemGroup>
  <ItemGroup>
    <ResourceCompile Include="resource\BambooEngine.rc">
      <Filter>resource</Filter>
    </ResourceCompile>
  </ItemGroup>
</Project>