<?xml version="1.0" encoding="utf-8"?>
<Project ToolsVersion="4.0" xmlns="http://schemas.microsoft.com/developer/msbuild/2003">
  <ItemGroup>
    <Filter Include="Utility">
      <UniqueIdentifier>{64aa6e87-52e6-4417-90d8-d7606e8814a0}</UniqueIdentifier>
    </Filter>
    <Filter Include="Application">
      <UniqueIdentifier>{1e283a83-7124-47e3-ae99-49667047e24a}</UniqueIdentifier>
    </Filter>
    <Filter Include="Asset">
      <UniqueIdentifier>{3b75736d-88e1-48bc-a3de-571379e9574e}</UniqueIdentifier>
    </Filter>
    <Filter Include="Asset\Shader">
      <UniqueIdentifier>{ca45fa0a-6305-4993-b46c-58daa8ec0ae3}</UniqueIdentifier>
    </Filter>
  </ItemGroup>
  <ItemGroup>
    <ClCompile Include="Application\DXSample.cpp">
      <Filter>Application</Filter>
    </ClCompile>
    <ClCompile Include="Application\Win32Application.cpp">
      <Filter>Application</Filter>
    </ClCompile>
    <ClCompile Include="stdafx.cpp" />
    <ClCompile Include="Main.cpp" />
    <ClCompile Include="Application\BambooEngine.cpp">
      <Filter>Application</Filter>
    </ClCompile>
  </ItemGroup>
  <ItemGroup>
    <ClInclude Include="Application\DXSample.h">
      <Filter>Application</Filter>
    </ClInclude>
    <ClInclude Include="Utility\DXHelper.h">
      <Filter>Utility</Filter>
    </ClInclude>
    <ClInclude Include="Application\Win32Application.h">
      <Filter>Application</Filter>
    </ClInclude>
    <ClInclude Include="stdafx.h" />
    <ClInclude Include="Application\BambooEngine.h">
      <Filter>Application</Filter>
    </ClInclude>
  </ItemGroup>
  <ItemGroup>
    <CustomBuild Include="Asset\Shader\shaders.hlsl">
      <Filter>Asset\Shader</Filter>
    </CustomBuild>
  </ItemGroup>
</Project>